# This file is automatically @generated by Cargo.
# It is not intended for manual editing.
version = 4

[[package]]
name = "wraithseal-cli"
version = "0.1.0"
dependencies = [
 "wraithseal-core",
]

[[package]]
name = "wraithseal-core"
version = "0.1.0"
dependencies = [
 "wraithseal-crypto",
 "wraithseal-format",
 "wraithseal-platform",
]

[[package]]
name = "wraithseal-crypto"
version = "0.1.0"

[[package]]
name = "wraithseal-format"
version = "0.1.0"

[[package]]
name = "wraithseal-platform"
version = "0.1.0"
